{
  "name": "mobileprovision-parser",
  "version": "1.0.0",
  "lockfileVersion": 3,
  "requires": true,
  "packages": {
    "": {
      "name": "mobileprovision-parser",
      "version": "1.0.0",
      "license": "ISC",
      "dependencies": {
        "entitlements-parser": "github:selenic-io/entitlements-parser.js"
      }
    },
    "node_modules/entitlements-parser": {
      "version": "1.0.0",
      "resolved": "git+ssh://git@github.com/selenic-io/entitlements-parser.js.git#e2a3b56a72650ef9b505c0f865dd89dc564e291c",
      "license": "ISC"
    }
  }
}
